// !$*UTF8*$!
{
	archiveVersion = 1;
	classes = {
	};
	objectVersion = 50;
	objects = {

/* Begin PBXBuildFile section */
		5A2549EF24DB40AF00121751 /* AppDelegate.swift in Sources */ = {isa = PBXBuildFile; fileRef = 5A2549EE24DB40AF00121751 /* AppDelegate.swift */; };
		5A2549F124DB40AF00121751 /* SceneDelegate.swift in Sources */ = {isa = PBXBuildFile; fileRef = 5A2549F024DB40AF00121751 /* SceneDelegate.swift */; };
		5A2549F624DB40AF00121751 /* Main.storyboard in Resources */ = {isa = PBXBuildFile; fileRef = 5A2549F424DB40AF00121751 /* Main.storyboard */; };
		5A2549F824DB40B000121751 /* Assets.xcassets in Resources */ = {isa = PBXBuildFile; fileRef = 5A2549F724DB40B000121751 /* Assets.xcassets */; };
		5A2549FB24DB40B000121751 /* LaunchScreen.storyboard in Resources */ = {isa = PBXBuildFile; fileRef = 5A2549F924DB40B000121751 /* LaunchScreen.storyboard */; };
		5A254A0324DB471B00121751 /* GigsTableViewController.swift in Sources */ = {isa = PBXBuildFile; fileRef = 5A254A0224DB471B00121751 /* GigsTableViewController.swift */; };
		5A254A0524DB484A00121751 /* LoginViewController.swift in Sources */ = {isa = PBXBuildFile; fileRef = 5A254A0424DB484A00121751 /* LoginViewController.swift */; };
		5A254A0B24DB4C7B00121751 /* Bearer.swift in Sources */ = {isa = PBXBuildFile; fileRef = 5A254A0A24DB4C7B00121751 /* Bearer.swift */; };
		5A254A0D24DB4CCA00121751 /* User.swift in Sources */ = {isa = PBXBuildFile; fileRef = 5A254A0C24DB4CCA00121751 /* User.swift */; };
		5A254A0F24DB4F7800121751 /* GigController.swift in Sources */ = {isa = PBXBuildFile; fileRef = 5A254A0E24DB4F7800121751 /* GigController.swift */; };
/* End PBXBuildFile section */

/* Begin PBXFileReference section */
		5A2549EB24DB40AF00121751 /* Gigs.app */ = {isa = PBXFileReference; explicitFileType = wrapper.application; includeInIndex = 0; path = Gigs.app; sourceTree = BUILT_PRODUCTS_DIR; };
		5A2549EE24DB40AF00121751 /* AppDelegate.swift */ = {isa = PBXFileReference; lastKnownFileType = sourcecode.swift; path = AppDelegate.swift; sourceTree = "<group>"; };
		5A2549F024DB40AF00121751 /* SceneDelegate.swift */ = {isa = PBXFileReference; lastKnownFileType = sourcecode.swift; path = SceneDelegate.swift; sourceTree = "<group>"; };
		5A2549F524DB40AF00121751 /* Base */ = {isa = PBXFileReference; lastKnownFileType = file.storyboard; name = Base; path = Base.lproj/Main.storyboard; sourceTree = "<group>"; };
		5A2549F724DB40B000121751 /* Assets.xcassets */ = {isa = PBXFileReference; lastKnownFileType = folder.assetcatalog; path = Assets.xcassets; sourceTree = "<group>"; };
		5A2549FA24DB40B000121751 /* Base */ = {isa = PBXFileReference; lastKnownFileType = file.storyboard; name = Base; path = Base.lproj/LaunchScreen.storyboard; sourceTree = "<group>"; };
		5A2549FC24DB40B000121751 /* Info.plist */ = {isa = PBXFileReference; lastKnownFileType = text.plist.xml; path = Info.plist; sourceTree = "<group>"; };
		5A254A0224DB471B00121751 /* GigsTableViewController.swift */ = {isa = PBXFileReference; lastKnownFileType = sourcecode.swift; path = GigsTableViewController.swift; sourceTree = "<group>"; };
		5A254A0424DB484A00121751 /* LoginViewController.swift */ = {isa = PBXFileReference; lastKnownFileType = sourcecode.swift; path = LoginViewController.swift; sourceTree = "<group>"; };
		5A254A0A24DB4C7B00121751 /* Bearer.swift */ = {isa = PBXFileReference; lastKnownFileType = sourcecode.swift; path = Bearer.swift; sourceTree = "<group>"; };
		5A254A0C24DB4CCA00121751 /* User.swift */ = {isa = PBXFileReference; lastKnownFileType = sourcecode.swift; path = User.swift; sourceTree = "<group>"; };
		5A254A0E24DB4F7800121751 /* GigController.swift */ = {isa = PBXFileReference; lastKnownFileType = sourcecode.swift; path = GigController.swift; sourceTree = "<group>"; };
/* End PBXFileReference section */

/* Begin PBXFrameworksBuildPhase section */
		5A2549E824DB40AF00121751 /* Frameworks */ = {
			isa = PBXFrameworksBuildPhase;
			buildActionMask = 2147483647;
			files = (
			);
			runOnlyForDeploymentPostprocessing = 0;
		};
/* End PBXFrameworksBuildPhase section */

/* Begin PBXGroup section */
		5A2549E224DB40AF00121751 = {
			isa = PBXGroup;
			children = (
				5A2549ED24DB40AF00121751 /* Gigs */,
				5A2549EC24DB40AF00121751 /* Products */,
			);
			sourceTree = "<group>";
		};
		5A2549EC24DB40AF00121751 /* Products */ = {
			isa = PBXGroup;
			children = (
				5A2549EB24DB40AF00121751 /* Gigs.app */,
			);
			name = Products;
			sourceTree = "<group>";
		};
		5A2549ED24DB40AF00121751 /* Gigs */ = {
			isa = PBXGroup;
			children = (
				5A254A0724DB4C4600121751 /* Resources */,
				5A254A0924DB4C5400121751 /* Model */,
				5A254A0824DB4C4E00121751 /* View */,
				5A254A0624DB4C3900121751 /* View Controllers */,
				5A254A1024DB4F7F00121751 /* Controller */,
				5A2549FC24DB40B000121751 /* Info.plist */,
			);
			path = Gigs;
			sourceTree = "<group>";
		};
		5A254A0624DB4C3900121751 /* View Controllers */ = {
			isa = PBXGroup;
			children = (
				5A254A0424DB484A00121751 /* LoginViewController.swift */,
				5A254A0224DB471B00121751 /* GigsTableViewController.swift */,
			);
			path = "View Controllers";
			sourceTree = "<group>";
		};
		5A254A0724DB4C4600121751 /* Resources */ = {
			isa = PBXGroup;
			children = (
				5A2549EE24DB40AF00121751 /* AppDelegate.swift */,
				5A2549F724DB40B000121751 /* Assets.xcassets */,
				5A2549F924DB40B000121751 /* LaunchScreen.storyboard */,
				5A2549F024DB40AF00121751 /* SceneDelegate.swift */,
			);
			path = Resources;
			sourceTree = "<group>";
		};
		5A254A0824DB4C4E00121751 /* View */ = {
			isa = PBXGroup;
			children = (
				5A2549F424DB40AF00121751 /* Main.storyboard */,
			);
			path = View;
			sourceTree = "<group>";
		};
		5A254A0924DB4C5400121751 /* Model */ = {
			isa = PBXGroup;
			children = (
				5A254A0A24DB4C7B00121751 /* Bearer.swift */,
				5A254A0C24DB4CCA00121751 /* User.swift */,
			);
			path = Model;
			sourceTree = "<group>";
		};
		5A254A1024DB4F7F00121751 /* Controller */ = {
			isa = PBXGroup;
			children = (
				5A254A0E24DB4F7800121751 /* GigController.swift */,
			);
			path = Controller;
			sourceTree = "<group>";
		};
/* End PBXGroup section */

/* Begin PBXNativeTarget section */
		5A2549EA24DB40AF00121751 /* Gigs */ = {
			isa = PBXNativeTarget;
			buildConfigurationList = 5A2549FF24DB40B000121751 /* Build configuration list for PBXNativeTarget "Gigs" */;
			buildPhases = (
				5A2549E724DB40AF00121751 /* Sources */,
				5A2549E824DB40AF00121751 /* Frameworks */,
				5A2549E924DB40AF00121751 /* Resources */,
			);
			buildRules = (
			);
			dependencies = (
			);
			name = Gigs;
			productName = Gigs;
			productReference = 5A2549EB24DB40AF00121751 /* Gigs.app */;
			productType = "com.apple.product-type.application";
		};
/* End PBXNativeTarget section */

/* Begin PBXProject section */
		5A2549E324DB40AF00121751 /* Project object */ = {
			isa = PBXProject;
			attributes = {
				LastSwiftUpdateCheck = 1160;
				LastUpgradeCheck = 1160;
				ORGANIZATIONNAME = "Stephanie Ballard";
				TargetAttributes = {
					5A2549EA24DB40AF00121751 = {
						CreatedOnToolsVersion = 11.6;
					};
				};
			};
			buildConfigurationList = 5A2549E624DB40AF00121751 /* Build configuration list for PBXProject "Gigs" */;
			compatibilityVersion = "Xcode 9.3";
			developmentRegion = en;
			hasScannedForEncodings = 0;
			knownRegions = (
				en,
				Base,
			);
			mainGroup = 5A2549E224DB40AF00121751;
			productRefGroup = 5A2549EC24DB40AF00121751 /* Products */;
			projectDirPath = "";
			projectRoot = "";
			targets = (
				5A2549EA24DB40AF00121751 /* Gigs */,
			);
		};
/* End PBXProject section */

/* Begin PBXResourcesBuildPhase section */
		5A2549E924DB40AF00121751 /* Resources */ = {
			isa = PBXResourcesBuildPhase;
			buildActionMask = 2147483647;
			files = (
				5A2549FB24DB40B000121751 /* LaunchScreen.storyboard in Resources */,
				5A2549F824DB40B000121751 /* Assets.xcassets in Resources */,
				5A2549F624DB40AF00121751 /* Main.storyboard in Resources */,
			);
			runOnlyForDeploymentPostprocessing = 0;
		};
/* End PBXResourcesBuildPhase section */

/* Begin PBXSourcesBuildPhase section */
		5A2549E724DB40AF00121751 /* Sources */ = {
			isa = PBXSourcesBuildPhase;
			buildActionMask = 2147483647;
			files = (
				5A254A0B24DB4C7B00121751 /* Bearer.swift in Sources */,
				5A254A0F24DB4F7800121751 /* GigController.swift in Sources */,
				5A254A0524DB484A00121751 /* LoginViewController.swift in Sources */,
				5A254A0D24DB4CCA00121751 /* User.swift in Sources */,
				5A2549EF24DB40AF00121751 /* AppDelegate.swift in Sources */,
				5A2549F124DB40AF00121751 /* SceneDelegate.swift in Sources */,
				5A254A0324DB471B00121751 /* GigsTableViewController.swift in Sources */,
			);
			runOnlyForDeploymentPostprocessing = 0;
		};
/* End PBXSourcesBuildPhase section */

/* Begin PBXVariantGroup section */
		5A2549F424DB40AF00121751 /* Main.storyboard */ = {
			isa = PBXVariantGroup;
			children = (
				5A2549F524DB40AF00121751 /* Base */,
			);
			name = Main.storyboard;
			sourceTree = "<group>";
		};
		5A2549F924DB40B000121751 /* LaunchScreen.storyboard */ = {
			isa = PBXVariantGroup;
			children = (
				5A2549FA24DB40B000121751 /* Base */,
			);
			name = LaunchScreen.storyboard;
			sourceTree = "<group>";
		};
/* End PBXVariantGroup section */

/* Begin XCBuildConfiguration section */
		5A2549FD24DB40B000121751 /* Debug */ = {
			isa = XCBuildConfiguration;
			buildSettings = {
				ALWAYS_SEARCH_USER_PATHS = NO;
				CLANG_ANALYZER_NONNULL = YES;
				CLANG_ANALYZER_NUMBER_OBJECT_CONVERSION = YES_AGGRESSIVE;
				CLANG_CXX_LANGUAGE_STANDARD = "gnu++14";
				CLANG_CXX_LIBRARY = "libc++";
				CLANG_ENABLE_MODULES = YES;
				CLANG_ENABLE_OBJC_ARC = YES;
				CLANG_ENABLE_OBJC_WEAK = YES;
				CLANG_WARN_BLOCK_CAPTURE_AUTORELEASING = YES;
				CLANG_WARN_BOOL_CONVERSION = YES;
				CLANG_WARN_COMMA = YES;
				CLANG_WARN_CONSTANT_CONVERSION = YES;
				CLANG_WARN_DEPRECATED_OBJC_IMPLEMENTATIONS = YES;
				CLANG_WARN_DIRECT_OBJC_ISA_USAGE = YES_ERROR;
				CLANG_WARN_DOCUMENTATION_COMMENTS = YES;
				CLANG_WARN_EMPTY_BODY = YES;
				CLANG_WARN_ENUM_CONVERSION = YES;
				CLANG_WARN_INFINITE_RECURSION = YES;
				CLANG_WARN_INT_CONVERSION = YES;
				CLANG_WARN_NON_LITERAL_NULL_CONVERSION = YES;
				CLANG_WARN_OBJC_IMPLICIT_RETAIN_SELF = YES;
				CLANG_WARN_OBJC_LITERAL_CONVERSION = YES;
				CLANG_WARN_OBJC_ROOT_CLASS = YES_ERROR;
				CLANG_WARN_RANGE_LOOP_ANALYSIS = YES;
				CLANG_WARN_STRICT_PROTOTYPES = YES;
				CLANG_WARN_SUSPICIOUS_MOVE = YES;
				CLANG_WARN_UNGUARDED_AVAILABILITY = YES_AGGRESSIVE;
				CLANG_WARN_UNREACHABLE_CODE = YES;
				CLANG_WARN__DUPLICATE_METHOD_MATCH = YES;
				COPY_PHASE_STRIP = NO;
				DEBUG_INFORMATION_FORMAT = dwarf;
				ENABLE_STRICT_OBJC_MSGSEND = YES;
				ENABLE_TESTABILITY = YES;
				GCC_C_LANGUAGE_STANDARD = gnu11;
				GCC_DYNAMIC_NO_PIC = NO;
				GCC_NO_COMMON_BLOCKS = YES;
				GCC_OPTIMIZATION_LEVEL = 0;
				GCC_PREPROCESSOR_DEFINITIONS = (
					"DEBUG=1",
					"$(inherited)",
				);
				GCC_WARN_64_TO_32_BIT_CONVERSION = YES;
				GCC_WARN_ABOUT_RETURN_TYPE = YES_ERROR;
				GCC_WARN_UNDECLARED_SELECTOR = YES;
				GCC_WARN_UNINITIALIZED_AUTOS = YES_AGGRESSIVE;
				GCC_WARN_UNUSED_FUNCTION = YES;
				GCC_WARN_UNUSED_VARIABLE = YES;
				IPHONEOS_DEPLOYMENT_TARGET = 13.6;
				MTL_ENABLE_DEBUG_INFO = INCLUDE_SOURCE;
				MTL_FAST_MATH = YES;
				ONLY_ACTIVE_ARCH = YES;
				SDKROOT = iphoneos;
				SWIFT_ACTIVE_COMPILATION_CONDITIONS = DEBUG;
				SWIFT_OPTIMIZATION_LEVEL = "-Onone";
			};
			name = Debug;
		};
		5A2549FE24DB40B000121751 /* Release */ = {
			isa = XCBuildConfiguration;
			buildSettings = {
				ALWAYS_SEARCH_USER_PATHS = NO;
				CLANG_ANALYZER_NONNULL = YES;
				CLANG_ANALYZER_NUMBER_OBJECT_CONVERSION = YES_AGGRESSIVE;
				CLANG_CXX_LANGUAGE_STANDARD = "gnu++14";
				CLANG_CXX_LIBRARY = "libc++";
				CLANG_ENABLE_MODULES = YES;
				CLANG_ENABLE_OBJC_ARC = YES;
				CLANG_ENABLE_OBJC_WEAK = YES;
				CLANG_WARN_BLOCK_CAPTURE_AUTORELEASING = YES;
				CLANG_WARN_BOOL_CONVERSION = YES;
				CLANG_WARN_COMMA = YES;
				CLANG_WARN_CONSTANT_CONVERSION = YES;
				CLANG_WARN_DEPRECATED_OBJC_IMPLEMENTATIONS = YES;
				CLANG_WARN_DIRECT_OBJC_ISA_USAGE = YES_ERROR;
				CLANG_WARN_DOCUMENTATION_COMMENTS = YES;
				CLANG_WARN_EMPTY_BODY = YES;
				CLANG_WARN_ENUM_CONVERSION = YES;
				CLANG_WARN_INFINITE_RECURSION = YES;
				CLANG_WARN_INT_CONVERSION = YES;
				CLANG_WARN_NON_LITERAL_NULL_CONVERSION = YES;
				CLANG_WARN_OBJC_IMPLICIT_RETAIN_SELF = YES;
				CLANG_WARN_OBJC_LITERAL_CONVERSION = YES;
				CLANG_WARN_OBJC_ROOT_CLASS = YES_ERROR;
				CLANG_WARN_RANGE_LOOP_ANALYSIS = YES;
				CLANG_WARN_STRICT_PROTOTYPES = YES;
				CLANG_WARN_SUSPICIOUS_MOVE = YES;
				CLANG_WARN_UNGUARDED_AVAILABILITY = YES_AGGRESSIVE;
				CLANG_WARN_UNREACHABLE_CODE = YES;
				CLANG_WARN__DUPLICATE_METHOD_MATCH = YES;
				COPY_PHASE_STRIP = NO;
				DEBUG_INFORMATION_FORMAT = "dwarf-with-dsym";
				ENABLE_NS_ASSERTIONS = NO;
				ENABLE_STRICT_OBJC_MSGSEND = YES;
				GCC_C_LANGUAGE_STANDARD = gnu11;
				GCC_NO_COMMON_BLOCKS = YES;
				GCC_WARN_64_TO_32_BIT_CONVERSION = YES;
				GCC_WARN_ABOUT_RETURN_TYPE = YES_ERROR;
				GCC_WARN_UNDECLARED_SELECTOR = YES;
				GCC_WARN_UNINITIALIZED_AUTOS = YES_AGGRESSIVE;
				GCC_WARN_UNUSED_FUNCTION = YES;
				GCC_WARN_UNUSED_VARIABLE = YES;
				IPHONEOS_DEPLOYMENT_TARGET = 13.6;
				MTL_ENABLE_DEBUG_INFO = NO;
				MTL_FAST_MATH = YES;
				SDKROOT = iphoneos;
				SWIFT_COMPILATION_MODE = wholemodule;
				SWIFT_OPTIMIZATION_LEVEL = "-O";
				VALIDATE_PRODUCT = YES;
			};
			name = Release;
		};
		5A254A0024DB40B000121751 /* Debug */ = {
			isa = XCBuildConfiguration;
			buildSettings = {
				ASSETCATALOG_COMPILER_APPICON_NAME = AppIcon;
				CODE_SIGN_STYLE = Automatic;
				DEVELOPMENT_TEAM = QL6CVFUT2N;
				INFOPLIST_FILE = Gigs/Info.plist;
				LD_RUNPATH_SEARCH_PATHS = (
					"$(inherited)",
					"@executable_path/Frameworks",
				);
				PRODUCT_BUNDLE_IDENTIFIER = com.StephanieBallard.Gigs;
				PRODUCT_NAME = "$(TARGET_NAME)";
				SWIFT_VERSION = 5.0;
				TARGETED_DEVICE_FAMILY = "1,2";
			};
			name = Debug;
		};
		5A254A0124DB40B000121751 /* Release */ = {
			isa = XCBuildConfiguration;
			buildSettings = {
				ASSETCATALOG_COMPILER_APPICON_NAME = AppIcon;
				CODE_SIGN_STYLE = Automatic;
				DEVELOPMENT_TEAM = QL6CVFUT2N;
				INFOPLIST_FILE = Gigs/Info.plist;
				LD_RUNPATH_SEARCH_PATHS = (
					"$(inherited)",
					"@executable_path/Frameworks",
				);
				PRODUCT_BUNDLE_IDENTIFIER = com.StephanieBallard.Gigs;
				PRODUCT_NAME = "$(TARGET_NAME)";
				SWIFT_VERSION = 5.0;
				TARGETED_DEVICE_FAMILY = "1,2";
			};
			name = Release;
		};
/* End XCBuildConfiguration section */

/* Begin XCConfigurationList section */
		5A2549E624DB40AF00121751 /* Build configuration list for PBXProject "Gigs" */ = {
			isa = XCConfigurationList;
			buildConfigurations = (
				5A2549FD24DB40B000121751 /* Debug */,
				5A2549FE24DB40B000121751 /* Release */,
			);
			defaultConfigurationIsVisible = 0;
			defaultConfigurationName = Release;
		};
		5A2549FF24DB40B000121751 /* Build configuration list for PBXNativeTarget "Gigs" */ = {
			isa = XCConfigurationList;
			buildConfigurations = (
				5A254A0024DB40B000121751 /* Debug */,
				5A254A0124DB40B000121751 /* Release */,
			);
			defaultConfigurationIsVisible = 0;
			defaultConfigurationName = Release;
		};
/* End XCConfigurationList section */
	};
	rootObject = 5A2549E324DB40AF00121751 /* Project object */;
}
